
Microsoft Visual Studio Solution File, Format Version 12.00
# Visual Studio Version 16
VisualStudioVersion = 16.0.30330.147
MinimumVisualStudioVersion = 10.0.40219.1
Project("{FAE04EC0-301F-11D3-BF4B-00C04F79EFBC}") = "ClassicalGuitar.Android", "ClassicalGuitar\ClassicalGuitar.Android\ClassicalGuitar.Android.csproj", "{7AEB6512-D42D-4B20-AFF8-8C5CF699C36A}"
EndProject
Project("{FAE04EC0-301F-11D3-BF4B-00C04F79EFBC}") = "ClassicalGuitar.iOS", "ClassicalGuitar\ClassicalGuitar.iOS\ClassicalGuitar.iOS.csproj", "{1E463BA9-CD64-4AF5-B733-00E88483AFDC}"
EndProject
Project("{FAE04EC0-301F-11D3-BF4B-00C04F79EFBC}") = "ClassicalGuitar", "ClassicalGuitar\ClassicalGuitar\ClassicalGuitar.csproj", "{65107B97-4CAB-4843-BA25-D914F5E9446C}"
EndProject
Global
	GlobalSection(SolutionConfigurationPlatforms) = preSolution
		Debug|Any CPU = Debug|Any CPU
		Debug|iPhone = Debug|iPhone
		Debug|iPhoneSimulator = Debug|iPhoneSimulator
		Release|Any CPU = Release|Any CPU
		Release|iPhone = Release|iPhone
		Release|iPhoneSimulator = Release|iPhoneSimulator
	EndGlobalSection
	GlobalSection(ProjectConfigurationPlatforms) = postSolution
		{7AEB6512-D42D-4B20-AFF8-8C5CF699C36A}.Debug|Any CPU.ActiveCfg = Debug|Any CPU
		{7AEB6512-D42D-4B20-AFF8-8C5CF699C36A}.Debug|Any CPU.Build.0 = Debug|Any CPU
		{7AEB6512-D42D-4B20-AFF8-8C5CF699C36A}.Debug|Any CPU.Deploy.0 = Debug|Any CPU
		{7AEB6512-D42D-4B20-AFF8-8C5CF699C36A}.Debug|iPhone.ActiveCfg = Debug|Any CPU
		{7AEB6512-D42D-4B20-AFF8-8C5CF699C36A}.Debug|iPhone.Build.0 = Debug|Any CPU
		{7AEB6512-D42D-4B20-AFF8-8C5CF699C36A}.Debug|iPhone.Deploy.0 = Debug|Any CPU
		{7AEB6512-D42D-4B20-AFF8-8C5CF699C36A}.Debug|iPhoneSimulator.ActiveCfg = Debug|Any CPU
		{7AEB6512-D42D-4B20-AFF8-8C5CF699C36A}.Debug|iPhoneSimulator.Build.0 = Debug|Any CPU
		{7AEB6512-D42D-4B20-AFF8-8C5CF699C36A}.Debug|iPhoneSimulator.Deploy.0 = Debug|Any CPU
		{7AEB6512-D42D-4B20-AFF8-8C5CF699C36A}.Release|Any CPU.ActiveCfg = Release|Any CPU
		{7AEB6512-D42D-4B20-AFF8-8C5CF699C36A}.Release|Any CPU.Build.0 = Release|Any CPU
		{7AEB6512-D42D-4B20-AFF8-8C5CF699C36A}.Release|Any CPU.Deploy.0 = Release|Any CPU
		{7AEB6512-D42D-4B20-AFF8-8C5CF699C36A}.Release|iPhone.ActiveCfg = Release|Any CPU
		{7AEB6512-D42D-4B20-AFF8-8C5CF699C36A}.Release|iPhone.Build.0 = Release|Any CPU
		{7AEB6512-D42D-4B20-AFF8-8C5CF699C36A}.Release|iPhone.Deploy.0 = Release|Any CPU
		{7AEB6512-D42D-4B20-AFF8-8C5CF699C36A}.Release|iPhoneSimulator.ActiveCfg = Release|Any CPU
		{7AEB6512-D42D-4B20-AFF8-8C5CF699C36A}.Release|iPhoneSimulator.Build.0 = Release|Any CPU
		{7AEB6512-D42D-4B20-AFF8-8C5CF699C36A}.Release|iPhoneSimulator.Deploy.0 = Release|Any CPU
		{1E463BA9-CD64-4AF5-B733-00E88483AFDC}.Debug|Any CPU.ActiveCfg = Debug|iPhone
		{1E463BA9-CD64-4AF5-B733-00E88483AFDC}.Debug|Any CPU.Build.0 = Debug|iPhone
		{1E463BA9-CD64-4AF5-B733-00E88483AFDC}.Debug|Any CPU.Deploy.0 = Debug|iPhone
		{1E463BA9-CD64-4AF5-B733-00E88483AFDC}.Debug|iPhone.ActiveCfg = Debug|iPhone
		{1E463BA9-CD64-4AF5-B733-00E88483AFDC}.Debug|iPhone.Build.0 = Debug|iPhone
		{1E463BA9-CD64-4AF5-B733-00E88483AFDC}.Debug|iPhone.Deploy.0 = Debug|iPhone
		{1E463BA9-CD64-4AF5-B733-00E88483AFDC}.Debug|iPhoneSimulator.ActiveCfg = Debug|iPhoneSimulator
		{1E463BA9-CD64-4AF5-B733-00E88483AFDC}.Debug|iPhoneSimulator.Build.0 = Debug|iPhoneSimulator
		{1E463BA9-CD64-4AF5-B733-00E88483AFDC}.Debug|iPhoneSimulator.Deploy.0 = Debug|iPhoneSimulator
		{1E463BA9-CD64-4AF5-B733-00E88483AFDC}.Release|Any CPU.ActiveCfg = Release|iPhone
		{1E463BA9-CD64-4AF5-B733-00E88483AFDC}.Release|Any CPU.Build.0 = Release|iPhone
		{1E463BA9-CD64-4AF5-B733-00E88483AFDC}.Release|Any CPU.Deploy.0 = Release|iPhone
		{1E463BA9-CD64-4AF5-B733-00E88483AFDC}.Release|iPhone.ActiveCfg = Release|iPhone
		{1E463BA9-CD64-4AF5-B733-00E88483AFDC}.Release|iPhone.Build.0 = Release|iPhone
		{1E463BA9-CD64-4AF5-B733-00E88483AFDC}.Release|iPhone.Deploy.0 = Release|iPhone
		{1E463BA9-CD64-4AF5-B733-00E88483AFDC}.Release|iPhoneSimulator.ActiveCfg = Release|iPhoneSimulator
		{1E463BA9-CD64-4AF5-B733-00E88483AFDC}.Release|iPhoneSimulator.Build.0 = Release|iPhoneSimulator
		{1E463BA9-CD64-4AF5-B733-00E88483AFDC}.Release|iPhoneSimulator.Deploy.0 = Release|iPhoneSimulator
		{65107B97-4CAB-4843-BA25-D914F5E9446C}.Debug|Any CPU.ActiveCfg = Debug|Any CPU
		{65107B97-4CAB-4843-BA25-D914F5E9446C}.Debug|Any CPU.Build.0 = Debug|Any CPU
		{65107B97-4CAB-4843-BA25-D914F5E9446C}.Debug|Any CPU.Deploy.0 = Debug|Any CPU
		{65107B97-4CAB-4843-BA25-D914F5E9446C}.Debug|iPhone.ActiveCfg = Debug|Any CPU
		{65107B97-4CAB-4843-BA25-D914F5E9446C}.Debug|iPhone.Build.0 = Debug|Any CPU
		{65107B97-4CAB-4843-BA25-D914F5E9446C}.Debug|iPhone.Deploy.0 = Debug|Any CPU
		{65107B97-4CAB-4843-BA25-D914F5E9446C}.Debug|iPhoneSimulator.ActiveCfg = Debug|Any CPU
		{65107B97-4CAB-4843-BA25-D914F5E9446C}.Debug|iPhoneSimulator.Build.0 = Debug|Any CPU
		{65107B97-4CAB-4843-BA25-D914F5E9446C}.Debug|iPhoneSimulator.Deploy.0 = Debug|Any CPU
		{65107B97-4CAB-4843-BA25-D914F5E9446C}.Release|Any CPU.ActiveCfg = Release|Any CPU
		{65107B97-4CAB-4843-BA25-D914F5E9446C}.Release|Any CPU.Build.0 = Release|Any CPU
		{65107B97-4CAB-4843-BA25-D914F5E9446C}.Release|Any CPU.Deploy.0 = Release|Any CPU
		{65107B97-4CAB-4843-BA25-D914F5E9446C}.Release|iPhone.ActiveCfg = Release|Any CPU
		{65107B97-4CAB-4843-BA25-D914F5E9446C}.Release|iPhone.Build.0 = Release|Any CPU
		{65107B97-4CAB-4843-BA25-D914F5E9446C}.Release|iPhone.Deploy.0 = Release|Any CPU
		{65107B97-4CAB-4843-BA25-D914F5E9446C}.Release|iPhoneSimulator.ActiveCfg = Release|Any CPU
		{65107B97-4CAB-4843-BA25-D914F5E9446C}.Release|iPhoneSimulator.Build.0 = Release|Any CPU
		{65107B97-4CAB-4843-BA25-D914F5E9446C}.Release|iPhoneSimulator.Deploy.0 = Release|Any CPU
	EndGlobalSection
	GlobalSection(SolutionProperties) = preSolution
		HideSolutionNode = FALSE
	EndGlobalSection
	GlobalSection(ExtensibilityGlobals) = postSolution
		SolutionGuid = {FF121E56-15A6-4074-8311-690B7276D177}
	EndGlobalSection
EndGlobal
